{
  "lockfileVersion": 1,
  "configVersion": 1,
  "workspaces": {
    "": {
      "name": "@acyclic/sdk-workspace",
      "devDependencies": {
        "@bufbuild/buf": "1.72.0",
        "@bufbuild/protoc-gen-es": "2.14.1",
        "@types/bun": "1.4.0",
        "ajv": "8.20.0",
        "typescript": "7.0.2",
      },
    },
    "typescript/packages/ai-sdk": {
      "name": "@acyclic-labs/ai-sdk",
      "version": "0.1.0-rc.1",
      "devDependencies": {
        "@acyclic-labs/harness": "workspace:*",
        "typescript": "7.0.2",
      },
      "peerDependencies": {
        "@acyclic-labs/harness": "0.1.0-rc.1",
        "ai": ">=5",
      },
    },
    "typescript/packages/filesystem": {
      "name": "@acyclic-labs/fs",
      "version": "0.2.0-rc.1",
      "dependencies": {
        "@bufbuild/protobuf": "2.14.1",
        "@connectrpc/connect": "2.1.1",
        "@connectrpc/connect-web": "2.1.1",
      },
      "devDependencies": {
        "@types/node": "26.4.1",
        "typescript": "7.0.2",
      },
    },
    "typescript/packages/harness": {
      "name": "@acyclic-labs/harness",
      "version": "0.1.0-rc.1",
      "dependencies": {
        "@bufbuild/protobuf": "2.14.1",
      },
      "devDependencies": {
        "@types/bun": "1.4.0",
        "fake-indexeddb": "6.2.4",
        "typescript": "7.0.2",
      },
    },
    "typescript/packages/inference": {
      "name": "@acyclic-labs/inference",
      "version": "1.0.0-rc.3",
      "dependencies": {
        "@bufbuild/protobuf": "2.14.1",
      },
      "devDependencies": {
        "@types/bun": "1.4.0",
        "typescript": "7.0.2",
      },
    },
    "typescript/packages/machines": {
      "name": "@acyclic-labs/machines",
      "version": "1.0.0-rc.1",
      "devDependencies": {
        "typescript": "7.0.2",
      },
    },
    "typescript/packages/objects": {
      "name": "@acyclic-labs/objects",
      "version": "1.0.0-rc.1",
      "devDependencies": {
        "typescript": "7.0.2",
      },
    },
    "typescript/packages/opencode": {
      "name": "@acyclic-labs/opencode",
      "version": "0.1.0-rc.1",
      "devDependencies": {
        "@acyclic-labs/harness": "workspace:*",
        "typescript": "7.0.2",
      },
      "peerDependencies": {
        "@acyclic-labs/harness": "0.1.0-rc.1",
      },
    },
    "typescript/packages/pi": {
      "name": "@acyclic-labs/pi",
      "version": "0.1.0-rc.1",
      "devDependencies": {
        "@acyclic-labs/harness": "workspace:*",
        "typescript": "7.0.2",
      },
      "peerDependencies": {
        "@acyclic-labs/harness": "0.1.0-rc.1",
      },
    },
    "typescript/packages/react": {
      "name": "@acyclic-labs/react",
      "version": "0.1.0-rc.1",
      "devDependencies": {
        "@acyclic-labs/harness": "workspace:*",
        "@types/react": "19.1.12",
        "typescript": "7.0.2",
      },
      "peerDependencies": {
        "@acyclic-labs/harness": "0.1.0-rc.1",
        "react": ">=18",
      },
    },
    "typescript/packages/sdk": {
      "name": "@acyclic-labs/sdk",
      "version": "0.1.0-rc.1",
      "dependencies": {
        "@acyclic-labs/fs": "0.2.0-rc.1",
        "@acyclic-labs/harness": "0.1.0-rc.1",
        "@acyclic-labs/inference": "1.0.0-rc.3",
        "@acyclic-labs/machines": "1.0.0-rc.1",
        "@acyclic-labs/objects": "1.0.0-rc.1",
        "@acyclic-labs/stream": "1.0.0-rc.1",
      },
      "devDependencies": {
        "typescript": "7.0.2",
      },
    },
    "typescript/packages/stream": {
      "name": "@acyclic-labs/stream",
      "version": "1.0.0-rc.1",
      "devDependencies": {
        "typescript": "7.0.2",
      },
    },
    "typescript/packages/svelte": {
      "name": "@acyclic-labs/svelte",
      "version": "0.1.0-rc.1",
      "devDependencies": {
        "@acyclic-labs/harness": "workspace:*",
        "typescript": "7.0.2",
      },
      "peerDependencies": {
        "@acyclic-labs/harness": "0.1.0-rc.1",
        "svelte": ">=5",
      },
    },
  },
  "packages": {
    "@acyclic-labs/ai-sdk": ["@acyclic-labs/ai-sdk@workspace:typescript/packages/ai-sdk"],

    "@acyclic-labs/fs": ["@acyclic-labs/fs@workspace:typescript/packages/filesystem"],

    "@acyclic-labs/harness": ["@acyclic-labs/harness@workspace:typescript/packages/harness"],

    "@acyclic-labs/inference": ["@acyclic-labs/inference@workspace:typescript/packages/inference"],

    "@acyclic-labs/machines": ["@acyclic-labs/machines@workspace:typescript/packages/machines"],

    "@acyclic-labs/objects": ["@acyclic-labs/objects@workspace:typescript/packages/objects"],

    "@acyclic-labs/opencode": ["@acyclic-labs/opencode@workspace:typescript/packages/opencode"],

    "@acyclic-labs/pi": ["@acyclic-labs/pi@workspace:typescript/packages/pi"],

    "@acyclic-labs/react": ["@acyclic-labs/react@workspace:typescript/packages/react"],

    "@acyclic-labs/sdk": ["@acyclic-labs/sdk@workspace:typescript/packages/sdk"],

    "@acyclic-labs/stream": ["@acyclic-labs/stream@workspace:typescript/packages/stream"],

    "@acyclic-labs/svelte": ["@acyclic-labs/svelte@workspace:typescript/packages/svelte"],

    "@ai-sdk/gateway": ["@ai-sdk/gateway@4.0.75", "", { "dependencies": { "@ai-sdk/provider": "4.0.10", "@ai-sdk/provider-utils": "5.0.36", "@vercel/oidc": "3.2.0" }, "peerDependencies": { "zod": "^3.25.76 || ^4.1.8" } }, "sha512-HOnhw3oXtBnboBF7kAKipjToCN6+5w6EuukiUKiULcxBitS+vbHRRv9IUBcq+Z1wkXcJjfywKrt5r++I6OYyXg=="],

    "@ai-sdk/provider": ["@ai-sdk/provider@4.0.10", "", { "dependencies": { "json-schema": "^0.4.0" } }, "sha512-fX2ENAc7iDpZ+Wp4+Rk06Usn/Ys7dI9uAkGv0jlF6XVrW13NkRWx5Ou+U6lIM2E1fTLkCs16GGrUAaVvroag7A=="],

    "@ai-sdk/provider-utils": ["@ai-sdk/provider-utils@5.0.36", "", { "dependencies": { "@ai-sdk/provider": "4.0.10", "@standard-schema/spec": "^1.1.0", "@workflow/serde": "4.1.0", "eventsource-parser": "^3.0.8", "undici": "^7.29.0" }, "peerDependencies": { "zod": "^3.25.76 || ^4.1.8" } }, "sha512-MFXBn6XDyf37PNQAge/HTatPJE8Vmg/g/w4WPtjSV53jq8FKAzoaN5+43hsdQa9bqgN+/13jxug9ChvsG+godQ=="],

    "@bufbuild/buf": ["@bufbuild/buf@1.72.0", "", { "optionalDependencies": { "@bufbuild/buf-darwin-arm64": "1.72.0", "@bufbuild/buf-darwin-x64": "1.72.0", "@bufbuild/buf-linux-aarch64": "1.72.0", "@bufbuild/buf-linux-armv7": "1.72.0", "@bufbuild/buf-linux-x64": "1.72.0", "@bufbuild/buf-win32-arm64": "1.72.0", "@bufbuild/buf-win32-x64": "1.72.0" }, "bin": { "buf": "bin/buf", "protoc-gen-buf-lint": "bin/protoc-gen-buf-lint", "protoc-gen-buf-breaking": "bin/protoc-gen-buf-breaking" } }, "sha512-BwBKTX/WXkhAhqWJGrEKnqU03/4tK1O0OozSlwUMBCOEo8pLL3xu3M24RT3+umExEeM0wjlANO6axqGWMqtt4Q=="],

    "@bufbuild/buf-darwin-arm64": ["@bufbuild/buf-darwin-arm64@1.72.0", "", { "os": "darwin", "cpu": "arm64" }, "sha512-rKHRvjwAThapxIoOn92vIoTjYSz5FmRemDRLU4BYT4T6QWMEC13PM3/pPnqVgsNKZ5aW7iYDm9ztnisEqSi5yA=="],

    "@bufbuild/buf-darwin-x64": ["@bufbuild/buf-darwin-x64@1.72.0", "", { "os": "darwin", "cpu": "x64" }, "sha512-4TQ1AGft8sGspNg9NMsEjsKKis7nGaVV8tZLnNa3cKUBmx22gwOnB6VRhgKWwjf+BDqr85lUEzQ6wHCboNUutg=="],

    "@bufbuild/buf-linux-aarch64": ["@bufbuild/buf-linux-aarch64@1.72.0", "", { "os": "linux", "cpu": "arm64" }, "sha512-cbIsUcgM5bHhbZWcDaAXqaYOAi8N0c0u+NiDydwVmZ04Et3s1EZ3TDqfQDRzwvoBPDP+lsO6YuTRXX6nI28x4w=="],

    "@bufbuild/buf-linux-armv7": ["@bufbuild/buf-linux-armv7@1.72.0", "", { "os": "linux", "cpu": "arm" }, "sha512-v/bXVsFL8YNm2HgosGb9r3+nAt4jQiUc3r3JipYuiVY3DAJZAjoEvcak6/BkxQMTEQz9Zb8gRRlule9IFkbc5g=="],

    "@bufbuild/buf-linux-x64": ["@bufbuild/buf-linux-x64@1.72.0", "", { "os": "linux", "cpu": "x64" }, "sha512-4xHGXEjqFxo1wX1zMGq4CzhYt5++nrj4C7k30j+YmGtvqCnipfdSe+V6kknBYRfYswVZEUwUbQOh6pnMTcGcrA=="],

    "@bufbuild/buf-win32-arm64": ["@bufbuild/buf-win32-arm64@1.72.0", "", { "os": "win32", "cpu": "arm64" }, "sha512-WH7ClsoB9A0e/5fFhx0DLqLzillYPRdHBhlwzihgvjGci0bBdyJVHSQGf0B9uspCMU6sn6W/N1S9/2vvQBNMug=="],

    "@bufbuild/buf-win32-x64": ["@bufbuild/buf-win32-x64@1.72.0", "", { "os": "win32", "cpu": "x64" }, "sha512-X3eWqFzhDmu8CYQZz+Fu7i+PgH+yUl8UwJ5+x+bhZRYAIdcijikthodk60c5u/qq42m1Z2XAnAGyp/mTf7IffA=="],

    "@bufbuild/protobuf": ["@bufbuild/protobuf@2.14.1", "", {}, "sha512-agRJn3+EJDUe8AvxTx/LnHA/GErvLE62pSaSk7+MwFOtOv8eWBu/qCq2qoZjBjVZ3C2aiFJCveuSs17KMkYGOw=="],

    "@bufbuild/protoc-gen-es": ["@bufbuild/protoc-gen-es@2.14.1", "", { "dependencies": { "@bufbuild/protobuf": "2.14.1", "@bufbuild/protoplugin": "2.14.1" }, "bin": { "protoc-gen-es": "bin/protoc-gen-es" } }, "sha512-agiGxvA1VAzWPdtOiktK39BNvGgHc1jHBCI1XYQtCQDSpt/5pZ7jTRGKv0fYzExbovDVu+yxJq4Srpv8zCIvUQ=="],

    "@bufbuild/protoplugin": ["@bufbuild/protoplugin@2.14.1", "", { "dependencies": { "@bufbuild/protobuf": "2.14.1", "@typescript/vfs": "^1.6.2", "typescript": "5.4.5" } }, "sha512-oddqHkmUlBSo1TgswPW6hzrP/3nxMIdKUMcB6/NSY/oUkepDV7SealCZlE0ZxhLRIgmvDSuNWOb0HEKfsWPJww=="],

    "@connectrpc/connect": ["@connectrpc/connect@2.1.1", "", { "peerDependencies": { "@bufbuild/protobuf": "^2.7.0" } }, "sha512-JzhkaTvM73m2K1URT6tv53k2RwngSmCXLZJgK580qNQOXRzZRR/BCMfZw3h+90JpnG6XksP5bYT+cz0rpUzUWQ=="],

    "@connectrpc/connect-web": ["@connectrpc/connect-web@2.1.1", "", { "peerDependencies": { "@bufbuild/protobuf": "^2.7.0", "@connectrpc/connect": "2.1.1" } }, "sha512-J8317Q2MaFRCT1jzVR1o06bZhDIBmU0UAzWx6xOIXzOq8+k71/+k7MUF7AwcBUX+34WIvbm5syRgC5HXQA8fOg=="],

    "@jridgewell/gen-mapping": ["@jridgewell/gen-mapping@0.3.13", "", { "dependencies": { "@jridgewell/sourcemap-codec": "^1.5.0", "@jridgewell/trace-mapping": "^0.3.24" } }, "sha512-2kkt/7niJ6MgEPxF0bYdQ6etZaA+fQvDcLKckhy1yIQOzaoKjBBjSj63/aLVjYE3qhRt5dvM+uUyfCg6UKCBbA=="],

    "@jridgewell/remapping": ["@jridgewell/remapping@2.3.5", "", { "dependencies": { "@jridgewell/gen-mapping": "^0.3.5", "@jridgewell/trace-mapping": "^0.3.24" } }, "sha512-LI9u/+laYG4Ds1TDKSJW2YPrIlcVYOwi2fUC6xB43lueCjgxV4lffOCZCtYFiH6TNOX+tQKXx97T4IKHbhyHEQ=="],

    "@jridgewell/resolve-uri": ["@jridgewell/resolve-uri@3.1.2", "", {}, "sha512-bRISgCIjP20/tbWSPWMEi54QVPRZExkuD9lJL+UIxUKtwVJA8wW1Trb1jMs1RFXo1CBTNZ/5hpC9QvmKWdopKw=="],

    "@jridgewell/sourcemap-codec": ["@jridgewell/sourcemap-codec@1.6.0", "", {}, "sha512-T7jf+5zgsZHwNJ4lvQ7/aezbyk0nNX+zJVWpmHA7VYsEx7a7qr5Rg5IbtJFqkgze5Y2sruq1RUY8Q837Od7iFw=="],

    "@jridgewell/trace-mapping": ["@jridgewell/trace-mapping@0.3.31", "", { "dependencies": { "@jridgewell/resolve-uri": "^3.1.0", "@jridgewell/sourcemap-codec": "^1.4.14" } }, "sha512-zzNR+SdQSDJzc8joaeP8QQoCQr8NuYx2dIIytl1QeBEZHJ9uW6hebsrYgbz8hJwUQao3TWCMtmfV8Nu1twOLAw=="],

    "@standard-schema/spec": ["@standard-schema/spec@1.1.0", "", {}, "sha512-l2aFy5jALhniG5HgqrD6jXLi/rUWrKvqN/qJx6yoJsgKhblVd+iqqU4RCXavm/jPityDo5TCvKMnpjKnOriy0w=="],

    "@sveltejs/acorn-typescript": ["@sveltejs/acorn-typescript@1.0.13", "", { "peerDependencies": { "acorn": "^8.9.0" } }, "sha512-wgKggnhZVL9Bfx1OaKKTrYY9BFRk6C8UAkQNUcIv1+llzYrIqy+RZm5HPKzn0NpEBvTVhTqB4kQyllZywsRBRQ=="],

    "@types/bun": ["@types/bun@1.4.0", "", { "dependencies": { "bun-types": "1.4.0" } }, "sha512-K+lZULY23vRgK/CfTjFIV+tyifaNdSMlPh9j+6mQ/cLfpOznLyAuzgV/JQysyECpkBQLVMSyvjlr2fBUSA9wFQ=="],

    "@types/estree": ["@types/estree@1.0.9", "", {}, "sha512-GhdPgy1el4/ImP05X05Uw4cw2/M93BCUmnEvWZNStlCzEKME4Fkk+YpoA5OiHNQmoS7Cafb8Xa3Pya8m1Qrzeg=="],

    "@types/node": ["@types/node@26.4.1", "", { "dependencies": { "undici-types": "~8.3.0" } }, "sha512-k97ENvZWtvA6yqz5/FS6a7duDgOPEeOQOc2iKS/nY6mX6qJUKtLnWzQS+Xj6tXweyj6ZcTAK2Qecetnvi9nCLA=="],

    "@types/react": ["@types/react@19.1.12", "", { "dependencies": { "csstype": "^3.0.2" } }, "sha512-cMoR+FoAf/Jyq6+Df2/Z41jISvGZZ2eTlnsaJRptmZ76Caldwy1odD4xTr/gNV9VLj0AWgg/nmkevIyUfIIq5w=="],

    "@typescript/typescript-aix-ppc64": ["@typescript/typescript-aix-ppc64@7.0.2", "", { "os": "aix", "cpu": "ppc64" }, "sha512-MTKKkWB7p/0E9xi1d1tHtZ5PiLkGEMIq88pK2CubZjOsLtYTLqhgIgi6zepFa+9GHZ6h05NMCkQxGKiPXMxXtQ=="],

    "@typescript/typescript-darwin-arm64": ["@typescript/typescript-darwin-arm64@7.0.2", "", { "os": "darwin", "cpu": "arm64" }, "sha512-gowzar9MwS/aRWp6f3a4KUqzRjAZjOsmGNCM6LcTgXum+dBfgsBVMN+AgvOCCbguXyick6LJhpBszxMebJ8syA=="],

    "@typescript/typescript-darwin-x64": ["@typescript/typescript-darwin-x64@7.0.2", "", { "os": "darwin", "cpu": "x64" }, "sha512-SZ9xZInqApNlNGc9s0W1VSsktYSOe9cFqNOIqmN1Gs8SmkjKZYFt017G4VwPxASInODuAdbTW7sXiFUf893RgA=="],

    "@typescript/typescript-freebsd-arm64": ["@typescript/typescript-freebsd-arm64@7.0.2", "", { "os": "freebsd", "cpu": "arm64" }, "sha512-W5NH4y/J0plIIS5b2xvTEkU7JFxyqdMAOgf+Ilhl0vHQXKO5dZoxd+C/jEtq56c4F3wk71RB4BMRQ2XdI+bwYQ=="],

    "@typescript/typescript-freebsd-x64": ["@typescript/typescript-freebsd-x64@7.0.2", "", { "os": "freebsd", "cpu": "x64" }, "sha512-UMGDx5sTpzNw3WiPebH7l90IWfJggEd+egHt/q6p7/Cm3zqoV7VxkGXt+3DxPIw8CcmvAB0j3sVVfbhX+M4Tpw=="],

    "@typescript/typescript-linux-arm": ["@typescript/typescript-linux-arm@7.0.2", "", { "os": "linux", "cpu": "arm" }, "sha512-gffT3xPz9sR7j/YJExkyPntrI0P2EP9XbOyWzth2/Gs0RstK+90RBcO0ncXoXy/beYll1SXw846Nf2zdnEz0QQ=="],

    "@typescript/typescript-linux-arm64": ["@typescript/typescript-linux-arm64@7.0.2", "", { "os": "linux", "cpu": "arm64" }, "sha512-Qh4eU4/y3yDjnfjjyPYihMj5/ODIlmt+Bzu17OI+fiSRDW57QmU5SiN63exPRNJPKUzcc1INa1NXdrJ+MqHjUQ=="],

    "@typescript/typescript-linux-loong64": ["@typescript/typescript-linux-loong64@7.0.2", "", { "os": "linux", "cpu": "none" }, "sha512-uEHck9i8hoAzXPiYRib1O7miOnz23SxIeVl6F4LXox+qov1K35jHcEW6VHKvZI+pyvl7fZEP4MCU5LYvIq1GuQ=="],

    "@typescript/typescript-linux-mips64el": ["@typescript/typescript-linux-mips64el@7.0.2", "", { "os": "linux", "cpu": "none" }, "sha512-R4KvAMnE43W5Qeqb0Ly56O3mWMWIAgsMyz36DCaycd5nbg/9kzm0liw3JocfRqyJY0KPmzFjbswozXyW0DnIYA=="],

    "@typescript/typescript-linux-ppc64": ["@typescript/typescript-linux-ppc64@7.0.2", "", { "os": "linux", "cpu": "ppc64" }, "sha512-DORx5b3sd/4S7eayxm4FQv+A7CrkUIGRaHiwI8oiHTAI1fAPWhF4J0vAlkC8biAlHSVVwxMQ3tjZ2/DVbnQiiA=="],

    "@typescript/typescript-linux-riscv64": ["@typescript/typescript-linux-riscv64@7.0.2", "", { "os": "linux", "cpu": "none" }, "sha512-wf0jqEDOjrPRnKwYRyyJDRo11KMbvMFrU+q4zqKyChODBzvlkbhNQfKvLxQCcwTpdDaXSHZTVuh0JoCrKCUMHQ=="],

    "@typescript/typescript-linux-s390x": ["@typescript/typescript-linux-s390x@7.0.2", "", { "os": "linux", "cpu": "s390x" }, "sha512-IkwJc3L7yhytWd/ewjyxNDfOmswCm9GWMJT/ue/dU4aZNbwZeYAetq42VyLmsmSjvoX7z74X6ZaYCtzAr0EuGw=="],

    "@typescript/typescript-linux-x64": ["@typescript/typescript-linux-x64@7.0.2", "", { "os": "linux", "cpu": "x64" }, "sha512-EYdf2cNg7rgCWJnxCdJ+F3V39O8ihb37eHAu1LK8oAFizgTQbPOK7zHHXbPt8rX24COqODXeI3sIf0fCXG7H/A=="],

    "@typescript/typescript-netbsd-arm64": ["@typescript/typescript-netbsd-arm64@7.0.2", "", { "os": "none", "cpu": "arm64" }, "sha512-+polYF4MF04aPpO5FTkHran9yUQDSXqy5GiSDKpsll5jy3l3+g9QLhpf39T+ePtefhXLOGrLl0QIjkQP6VnelA=="],

    "@typescript/typescript-netbsd-x64": ["@typescript/typescript-netbsd-x64@7.0.2", "", { "os": "none", "cpu": "x64" }, "sha512-8YIT0EHM/3dq10ZOVF/A7pc/YSMtbcecct4rWtexrnSCHOPcpC2KTLXfTCR6vDpnSiY12heNb1GiN/wu+T/FyA=="],

    "@typescript/typescript-openbsd-arm64": ["@typescript/typescript-openbsd-arm64@7.0.2", "", { "os": "openbsd", "cpu": "arm64" }, "sha512-APT8+ClYnuYm1u9+kgGXoMj2VzWzcymwh2gNSQVySHfkRDGOTVkoWLjCmOQSaO+PoqQ57B0flRp9SA+7GnnkzQ=="],

    "@typescript/typescript-openbsd-x64": ["@typescript/typescript-openbsd-x64@7.0.2", "", { "os": "openbsd", "cpu": "x64" }, "sha512-yX7s+Q0Dln0Dt9tEzZsAjXXR/+ytBM7AlglaqyeMPxQszJ1JhlJdZ6jLA+IzldHtflX81em7lDao1xXu+aRRkg=="],

    "@typescript/typescript-sunos-x64": ["@typescript/typescript-sunos-x64@7.0.2", "", { "os": "sunos", "cpu": "x64" }, "sha512-dLJDGaLZ1D4HPQn62u1n8mBDkJREwMsAkCdkwd4Ieqw+x3TUyTsqY0YiBCtE6H6OzzgGk3iuZ3vFWRS+E8/d1g=="],

    "@typescript/typescript-win32-arm64": ["@typescript/typescript-win32-arm64@7.0.2", "", { "os": "win32", "cpu": "arm64" }, "sha512-Gyl1Vy6OsWesLzmq+EP0Fb7b4Nid5232AvcA2SFcdYreldpNtYFFofPjnt62y9hQy7VTaZp65ICJjuAQRaVcIQ=="],

    "@typescript/typescript-win32-x64": ["@typescript/typescript-win32-x64@7.0.2", "", { "os": "win32", "cpu": "x64" }, "sha512-0BQ3HkAHHlKLSp1qRvf3SUhGpGsDuhB/jgFw75guyqbxJqEaS0Cw/VFO8i2nHglJUzQCRtMMR/IBAKE3ETMC4g=="],

    "@typescript/vfs": ["@typescript/vfs@1.6.4", "", { "dependencies": { "debug": "^4.4.3" }, "peerDependencies": { "typescript": "*" } }, "sha512-PJFXFS4ZJKiJ9Qiuix6Dz/OwEIqHD7Dme1UwZhTK11vR+5dqW2ACbdndWQexBzCx+CPuMe5WBYQWCsFyGlQLlQ=="],

    "@vercel/oidc": ["@vercel/oidc@3.2.0", "", {}, "sha512-UycprH3T6n3jH0k44NHMa7pnFHGu/N05MjojYr+Mc6I7obkoLIJujSWwin1pCvdy/eOxrI/l3uDLQsmcrOb4ug=="],

    "@workflow/serde": ["@workflow/serde@4.1.0", "", {}, "sha512-pav4F2BoirECWR7Nf1TKt+2eETcBj7jj4cBefQ8VXQCA6NPkaKeLfj/zMgi+3zYV5ZIBT4GuUiphsj0/b9hPQQ=="],

    "acorn": ["acorn@8.18.0", "", { "bin": { "acorn": "bin/acorn" } }, "sha512-lGq+9yr1/GuAWaVYIHRjvvySG5/4VfKIvC8EWxStPdcDh/Ka7FG3twP6v4d5BkravUilhIAsG4Qj83t02LWUPQ=="],

    "ai": ["ai@7.0.93", "", { "dependencies": { "@ai-sdk/gateway": "4.0.75", "@ai-sdk/provider": "4.0.10", "@ai-sdk/provider-utils": "5.0.36" }, "peerDependencies": { "zod": "^3.25.76 || ^4.1.8" } }, "sha512-CJss6zb9mlltk/mCr8qom20NBnqEQxVawkqwtT62tCwsxilZpXfHNRMRwcS3XRpzdP1kEluVuDBUayYWEEd95g=="],

    "ajv": ["ajv@8.20.0", "", { "dependencies": { "fast-deep-equal": "^3.1.3", "fast-uri": "^3.0.1", "json-schema-traverse": "^1.0.0", "require-from-string": "^2.0.2" } }, "sha512-Thbli+OlOj+iMPYFBVBfJ3OmCAnaSyNn4M1vz9T6Gka5Jt9ba/HIR56joy65tY6kx/FCF5VXNB819Y7/GUrBGA=="],

    "aria-query": ["aria-query@5.3.1", "", {}, "sha512-Z/ZeOgVl7bcSYZ/u/rh0fOpvEpq//LZmdbkXyc7syVzjPAhfOa9ebsdTSjEBDU4vs5nC98Kfduj1uFo0qyET3g=="],

    "axobject-query": ["axobject-query@4.1.0", "", {}, "sha512-qIj0G9wZbMGNLjLmg1PT6v2mE9AH2zlnADJD/2tC6E00hgmhUOfEB6greHPAfLRSufHqROIUTkw6E+M3lH0PTQ=="],

    "bun-types": ["bun-types@1.4.0", "", { "dependencies": { "@types/node": "*" } }, "sha512-iIKw23BspnQQYd3prITOBxeUsxBHnwzX6YJfGMuNOZzeNcMmVqzIIVGRm1l69ogaPQmb4wB6BN8mA5bE9YuC5Q=="],

    "clsx": ["clsx@2.1.1", "", {}, "sha512-eYm0QWBtUrBWZWG0d386OGAw16Z995PiOVo2B7bjWSbHedGl5e0ZWaq65kOGgUSNesEIDkB9ISbTg/JK9dhCZA=="],

    "csstype": ["csstype@3.2.3", "", {}, "sha512-z1HGKcYy2xA8AGQfwrn0PAy+PB7X/GSj3UVJW9qKyn43xWa+gl5nXmU4qqLMRzWVLFC8KusUX8T/0kCiOYpAIQ=="],

    "debug": ["debug@4.4.3", "", { "dependencies": { "ms": "^2.1.3" } }, "sha512-RGwwWnwQvkVfavKVt22FGLw+xYSdzARwm0ru6DhTVA3umU5hZc28V3kO4stgYryrTlLpuvgI9GiijltAjNbcqA=="],

    "devalue": ["devalue@5.9.2", "", {}, "sha512-po4PAY5c53tw5XMocSnf8A/5OHhbbUftpr93aEN6BBoAdntUmK7vu7wOATqvt7cXO7m1Cl4gMVn6p7n6n4mj0w=="],

    "esm-env": ["esm-env@1.2.2", "", {}, "sha512-Epxrv+Nr/CaL4ZcFGPJIYLWFom+YeV1DqMLHJoEd9SYRxNbaFruBwfEX/kkHUJf55j2+TUbmDcmuilbP1TmXHA=="],

    "esrap": ["esrap@2.3.7", "", { "dependencies": { "@jridgewell/sourcemap-codec": "^1.4.15" }, "peerDependencies": { "@typescript-eslint/types": "^8.2.0" }, "optionalPeers": ["@typescript-eslint/types"] }, "sha512-n2nf7fZR3c9yXf0BPEuHuXqT+KW0SJVj4cN5FMEkpCZ3scLjOQWpiccyCxVzCC2q1wubTghuEGzngJY/7Ah0Ow=="],

    "eventsource-parser": ["eventsource-parser@3.1.1", "", {}, "sha512-EKN1vKAMcZ8MlYMpaNuxN6R9yakzH6uajHcHVTqWJzvu5pWw9DyhbP35HH8MVBQ+dZjAfDxk+A8NiR9KWaXiyQ=="],

    "fake-indexeddb": ["fake-indexeddb@6.2.4", "", {}, "sha512-INKeIKEtSViN4yVtEWEUqbsqmaIy7Ls+MfU0yxQVXg67pOJ/sH1ZxcVrP8XrKULUFohcPD9gnmym+qBfEybACw=="],

    "fast-deep-equal": ["fast-deep-equal@3.1.3", "", {}, "sha512-f3qQ9oQy9j2AhBe/H9VC91wLmKBCCU/gDOnKNAYG5hswO7BLKj09Hc5HYNz9cGI++xlpDCIgDaitVs03ATR84Q=="],

    "fast-uri": ["fast-uri@3.1.7", "", {}, "sha512-dOvZVzjdZdz7phd9v6jCbwxrBW3fK6n8Rc0CtdmM4bumzMnxywBYhuph6J819RRw/ku+rLbelwfMunktuzVVHg=="],

    "is-reference": ["is-reference@3.0.3", "", { "dependencies": { "@types/estree": "^1.0.6" } }, "sha512-ixkJoqQvAP88E6wLydLGGqCJsrFUnqoH6HnaczB8XmDH1oaWU+xxdptvikTgaEhtZ53Ky6YXiBuUI2WXLMCwjw=="],

    "json-schema": ["json-schema@0.4.0", "", {}, "sha512-es94M3nTIfsEPisRafak+HDLfHXnKBhV3vU5eqPcS3flIWqcxJWgXHXiey3YrpaNsanY5ei1VoYEbOzijuq9BA=="],

    "json-schema-traverse": ["json-schema-traverse@1.0.0", "", {}, "sha512-NM8/P9n3XjXhIZn1lLhkFaACTOURQXjWhV4BA/RnOv8xvgqtqpAX9IO4mRQxSx1Rlo4tqzeqb0sOlruaOy3dug=="],

    "locate-character": ["locate-character@3.0.0", "", {}, "sha512-SW13ws7BjaeJ6p7Q6CO2nchbYEc3X3J6WrmTTDto7yMPqVSZTUyY5Tjbid+Ab8gLnATtygYtiDIJGQRRn2ZOiA=="],

    "magic-string": ["magic-string@0.30.21", "", { "dependencies": { "@jridgewell/sourcemap-codec": "^1.5.5" } }, "sha512-vd2F4YUyEXKGcLHoq+TEyCjxueSeHnFxyyjNp80yg0XV4vUhnDer/lvvlqM/arB5bXQN5K2/3oinyCRyx8T2CQ=="],

    "ms": ["ms@2.1.3", "", {}, "sha512-6FlzubTLZG3J2a/NVCAleEhjzq5oxgHyaCU9yYXvcLsvoVaHJq/s5xXI6/XXP6tz7R9xAOtHnSO/tXtF3WRTlA=="],

    "react": ["react@19.2.8", "", {}, "sha512-PWaYA1L/q9u2u7xYQi+Y3L3Yfnie7XyLeaJICV1MGD6LprsBxcAqGjYyr0eY3p+QdsA+x/Irkt4Qif8D63+Sbw=="],

    "require-from-string": ["require-from-string@2.0.2", "", {}, "sha512-Xf0nWe6RseziFMu+Ap9biiUbmplq6S9/p+7w7YXP/JBHhrUDDUhwa+vANyubuqfZWTveU//DYVGsDG7RKL/vEw=="],

    "svelte": ["svelte@5.57.0", "", { "dependencies": { "@jridgewell/remapping": "^2.3.4", "@jridgewell/sourcemap-codec": "^1.5.0", "@sveltejs/acorn-typescript": "^1.0.10", "@types/estree": "^1.0.5", "acorn": "^8.12.1", "aria-query": "5.3.1", "axobject-query": "^4.1.0", "clsx": "^2.1.1", "devalue": "^5.8.1", "esm-env": "^1.2.1", "esrap": "^2.2.12", "is-reference": "^3.0.3", "locate-character": "^3.0.0", "magic-string": "^0.30.11", "zimmerframe": "^1.1.2" } }, "sha512-NdbDn7fl4be1ViUG0oq/lvG6OZy3oENolV2ONjiqqsfVoeAfzaQAKUcEX3MrQod/Bebv1PgwET9rfXhgn9s4Kg=="],

    "typescript": ["typescript@7.0.2", "", { "optionalDependencies": { "@typescript/typescript-aix-ppc64": "7.0.2", "@typescript/typescript-darwin-arm64": "7.0.2", "@typescript/typescript-darwin-x64": "7.0.2", "@typescript/typescript-freebsd-arm64": "7.0.2", "@typescript/typescript-freebsd-x64": "7.0.2", "@typescript/typescript-linux-arm": "7.0.2", "@typescript/typescript-linux-arm64": "7.0.2", "@typescript/typescript-linux-loong64": "7.0.2", "@typescript/typescript-linux-mips64el": "7.0.2", "@typescript/typescript-linux-ppc64": "7.0.2", "@typescript/typescript-linux-riscv64": "7.0.2", "@typescript/typescript-linux-s390x": "7.0.2", "@typescript/typescript-linux-x64": "7.0.2", "@typescript/typescript-netbsd-arm64": "7.0.2", "@typescript/typescript-netbsd-x64": "7.0.2", "@typescript/typescript-openbsd-arm64": "7.0.2", "@typescript/typescript-openbsd-x64": "7.0.2", "@typescript/typescript-sunos-x64": "7.0.2", "@typescript/typescript-win32-arm64": "7.0.2", "@typescript/typescript-win32-x64": "7.0.2" }, "bin": { "tsc": "bin/tsc" } }, "sha512-8FYau96o3NKOhbjKi/qNvG/W5jhzxkbdm5sj9AbZ/5T5sWqn3hJgLfGx27sRKZWTvyzCP8dLRBTf5tBTSRVUNA=="],

    "undici": ["undici@7.29.1", "", {}, "sha512-RYONW2MeafgYlkVOKYKkA/Ag7BmXqgIWCa8t1m0JcxrQg9pI9lEqRhAOruOBCbAohOa/gkCF+iPi9hrgvTzu6Q=="],

    "undici-types": ["undici-types@8.3.0", "", {}, "sha512-j375ScV60dom+YkPFIfTLcOiPxkN/buHz5GobjLhixFuANaNs3C9l4GmrWqejgXWJ7BbJcFYpTEUkS1Ge8bpZQ=="],

    "zimmerframe": ["zimmerframe@1.1.5", "", {}, "sha512-msJxIvYDYcoNL+PJsu+7qmpDWsYmAxTY+2TNYXXF0hzBzBk0BMecOqDOG/EckUoKCuKwObfbugIl8QpqHDXeFA=="],

    "zod": ["zod@4.5.4", "", {}, "sha512-sC95tT5iHHH9gtpj6A81kh+NEaRAUFN+qlUPDUbRfOMvNf5QCBqsb3WgvnpVtK5Y+4UfA6KqufotuTvMGiTlsA=="],

    "@bufbuild/protoplugin/typescript": ["typescript@5.4.5", "", { "bin": { "tsc": "bin/tsc", "tsserver": "bin/tsserver" } }, "sha512-vcI4UpRgg81oIRUFwR0WSIHKt11nJ7SAVlYNIu+QpqeyXP+gpQJy/Z4+F0aGxSE4MqwjyXvW/TzgkLAx2AGHwQ=="],
  }
}
