{
  "name": "installed-final2",
  "lockfileVersion": 3,
  "requires": true,
  "packages": {
    "": {
      "dependencies": {
        "@acyclic-labs/actors": "file:../package-archive-final/acyclic-labs-actors-0.2.0.tgz"
      }
    },
    "node_modules/@acyclic-labs/actors": {
      "version": "0.2.0",
      "resolved": "file:../package-archive-final/acyclic-labs-actors-0.2.0.tgz",
      "integrity": "sha512-EsZsa5BKQ/DHMTJMLLSiegCXdA5irGkQ21jP4p7h1f6BqaCkPajgBFrVPeVcNSem3UKaUs0Ut1/UPQdwqMvNKA==",
      "license": "Apache-2.0",
      "dependencies": {
        "@bufbuild/protobuf": "2.15.0"
      }
    },
    "node_modules/@bufbuild/protobuf": {
      "version": "2.15.0",
      "resolved": "https://registry.npmjs.org/@bufbuild/protobuf/-/protobuf-2.15.0.tgz",
      "integrity": "sha512-DAheWUkVr/SJTWCc+lg9dhY0eN4SaWlf4+bG1KzHeXbnqt0AfB/NX0Z+VunGlM1ki1B4zVvye27MpKh/svySUA==",
      "license": "(Apache-2.0 AND BSD-3-Clause)"
    }
  }
}
