{
  "name": "machines-typescript-scenario-consumer",
  "lockfileVersion": 3,
  "requires": true,
  "packages": {
    "": {
      "name": "machines-typescript-scenario-consumer",
      "dependencies": {
        "@acyclic-labs/machines": "file:../package/acyclic-labs-machines-0.2.0.tgz"
      }
    },
    "node_modules/@acyclic-labs/machines": {
      "version": "0.2.0",
      "resolved": "file:../package/acyclic-labs-machines-0.2.0.tgz",
      "integrity": "sha512-ItCB/qVEKhI310t8308XSF2NhipxWfW6/WiVdPXZDyL4TLmlpyjntymGptc2S3/Udvmymvjll584yUWLvYbcQQ==",
      "license": "Apache-2.0",
      "dependencies": {
        "@bufbuild/protobuf": "2.15.0"
      }
    },
    "node_modules/@bufbuild/protobuf": {
      "version": "2.15.0",
      "resolved": "https://registry.npmjs.org/@bufbuild/protobuf/-/protobuf-2.15.0.tgz",
      "integrity": "sha512-DAheWUkVr/SJTWCc+lg9dhY0eN4SaWlf4+bG1KzHeXbnqt0AfB/NX0Z+VunGlM1ki1B4zVvye27MpKh/svySUA==",
      "license": "(Apache-2.0 AND BSD-3-Clause)"
    }
  }
}
