{
  "name": "installed-current-4",
  "lockfileVersion": 3,
  "requires": true,
  "packages": {
    "": {
      "dependencies": {
        "@acyclic-labs/actors": "file:../../../../typescript/packages/actors/acyclic-labs-actors-0.2.0.tgz"
      }
    },
    "node_modules/@acyclic-labs/actors": {
      "version": "0.2.0",
      "resolved": "file:../../../../typescript/packages/actors/acyclic-labs-actors-0.2.0.tgz",
      "integrity": "sha512-BP68n+VOWdSWZQAN1c4I7hQQPTxKVLo5miuBgNjCvcf57Es2f585wvGScMPDlAT3EkH+PEIqyosirCOut9Urlg==",
      "license": "Apache-2.0",
      "dependencies": {
        "@bufbuild/protobuf": "2.15.0"
      }
    },
    "node_modules/@bufbuild/protobuf": {
      "version": "2.15.0",
      "resolved": "https://registry.npmjs.org/@bufbuild/protobuf/-/protobuf-2.15.0.tgz",
      "integrity": "sha512-DAheWUkVr/SJTWCc+lg9dhY0eN4SaWlf4+bG1KzHeXbnqt0AfB/NX0Z+VunGlM1ki1B4zVvye27MpKh/svySUA==",
      "license": "(Apache-2.0 AND BSD-3-Clause)"
    }
  }
}
